
Microsoft Visual Studio Solution File, Format Version 12.00
# Visual Studio Version 16
VisualStudioVersion = 16.0.30413.136
MinimumVisualStudioVersion = 10.0.40219.1
Project("{9A19103F-16F7-4668-BE54-9A1E7A4F7556}") = "VogCodeChallenge.API", "VogCodeChallenge.API\VogCodeChallenge.API.csproj", "{C5AB8DC9-5492-4896-AC88-11B23B78F1BD}"
EndProject
Project("{9A19103F-16F7-4668-BE54-9A1E7A4F7556}") = "VogCodeChallenge.Entities", "VogCodeChallenge.Models\VogCodeChallenge.Entities.csproj", "{BD7295E1-A293-40D7-8334-DAE9EA2A56BC}"
EndProject
Project("{9A19103F-16F7-4668-BE54-9A1E7A4F7556}") = "VogCodeChallenge.Business", "VogCodeChallenge.Business\VogCodeChallenge.Business.csproj", "{73C75D01-782A-4472-BC61-A7CB7F8E524E}"
EndProject
Global
	GlobalSection(SolutionConfigurationPlatforms) = preSolution
		Debug|Any CPU = Debug|Any CPU
		Release|Any CPU = Release|Any CPU
	EndGlobalSection
	GlobalSection(ProjectConfigurationPlatforms) = postSolution
		{C5AB8DC9-5492-4896-AC88-11B23B78F1BD}.Debug|Any CPU.ActiveCfg = Debug|Any CPU
		{C5AB8DC9-5492-4896-AC88-11B23B78F1BD}.Debug|Any CPU.Build.0 = Debug|Any CPU
		{C5AB8DC9-5492-4896-AC88-11B23B78F1BD}.Release|Any CPU.ActiveCfg = Release|Any CPU
		{C5AB8DC9-5492-4896-AC88-11B23B78F1BD}.Release|Any CPU.Build.0 = Release|Any CPU
		{BD7295E1-A293-40D7-8334-DAE9EA2A56BC}.Debug|Any CPU.ActiveCfg = Debug|Any CPU
		{BD7295E1-A293-40D7-8334-DAE9EA2A56BC}.Debug|Any CPU.Build.0 = Debug|Any CPU
		{BD7295E1-A293-40D7-8334-DAE9EA2A56BC}.Release|Any CPU.ActiveCfg = Release|Any CPU
		{BD7295E1-A293-40D7-8334-DAE9EA2A56BC}.Release|Any CPU.Build.0 = Release|Any CPU
		{73C75D01-782A-4472-BC61-A7CB7F8E524E}.Debug|Any CPU.ActiveCfg = Debug|Any CPU
		{73C75D01-782A-4472-BC61-A7CB7F8E524E}.Debug|Any CPU.Build.0 = Debug|Any CPU
		{73C75D01-782A-4472-BC61-A7CB7F8E524E}.Release|Any CPU.ActiveCfg = Release|Any CPU
		{73C75D01-782A-4472-BC61-A7CB7F8E524E}.Release|Any CPU.Build.0 = Release|Any CPU
	EndGlobalSection
	GlobalSection(SolutionProperties) = preSolution
		HideSolutionNode = FALSE
	EndGlobalSection
	GlobalSection(ExtensibilityGlobals) = postSolution
		SolutionGuid = {6E415E63-9513-4883-8976-CEE9AD1434A8}
	EndGlobalSection
EndGlobal
